<?xml version="1.0" encoding="utf-8"?>
<Project ToolsVersion="4.0" xmlns="http://schemas.microsoft.com/developer/msbuild/2003">
  <ItemGroup>
    <ClCompile Include="main.cpp" />
    <ClCompile Include="LoginWindow.cpp">
      <Filter>Source Files</Filter>
    </ClCompile>
    <ClCompile Include="AddCaseWindow.cpp">
      <Filter>Source Files</Filter>
    </ClCompile>
    <ClCompile Include="EditCaseWindow.cpp">
      <Filter>Source Files</Filter>
    </ClCompile>
    <ClCompile Include="RemoveCaseWindow.cpp">
      <Filter>Source Files</Filter>
    </ClCompile>
    <ClCompile Include="ADE.cpp">
      <Filter>Source Files</Filter>
    </ClCompile>
    <ClCompile Include="FileExplorer.cpp">
      <Filter>Source Files</Filter>
    </ClCompile>
    <ClCompile Include="AddTeacherWindow.cpp">
      <Filter>Source Files</Filter>
    </ClCompile>
    <ClCompile Include="EditTeacherWindow.cpp">
      <Filter>Source Files</Filter>
    </ClCompile>
    <ClCompile Include="AddPlaceWindow.cpp">
      <Filter>Source Files</Filter>
    </ClCompile>
    <ClCompile Include="EditPlaceWindow.cpp">
      <Filter>Source Files</Filter>
    </ClCompile>
    <ClCompile Include="AddGroupWindow.cpp">
      <Filter>Source Files</Filter>
    </ClCompile>
    <ClCompile Include="EditGroupWindow.cpp">
      <Filter>Source Files</Filter>
    </ClCompile>
    <ClCompile Include="RemoveGroupWindow.cpp">
      <Filter>Source Files</Filter>
    </ClCompile>
    <ClCompile Include="RemovePlaceWindow.cpp">
      <Filter>Source Files</Filter>
    </ClCompile>
    <ClCompile Include="RemoveTeacherWindow.cpp">
      <Filter>Source Files</Filter>
    </ClCompile>
  </ItemGroup>
  <ItemGroup>
    <QtMoc Include="LoginWindow.h">
      <Filter>Header Files</Filter>
    </QtMoc>
    <QtMoc Include="AddCaseWindow.h">
      <Filter>Header Files</Filter>
    </QtMoc>
    <QtMoc Include="EditCaseWindow.h">
      <Filter>Header Files</Filter>
    </QtMoc>
    <QtMoc Include="RemoveCaseWindow.h">
      <Filter>Header Files</Filter>
    </QtMoc>
    <QtMoc Include="ADE.h">
      <Filter>Header Files</Filter>
    </QtMoc>
    <QtMoc Include="FileExplorer.h">
      <Filter>Header Files</Filter>
    </QtMoc>
    <QtMoc Include="AddTeacherWindow.h">
      <Filter>Header Files</Filter>
    </QtMoc>
    <QtMoc Include="EditTeacherWindow.h">
      <Filter>Header Files</Filter>
    </QtMoc>
    <QtMoc Include="AddPlaceWindow.h">
      <Filter>Header Files</Filter>
    </QtMoc>
    <QtMoc Include="EditPlaceWindow.h">
      <Filter>Header Files</Filter>
    </QtMoc>
    <QtMoc Include="AddGroupWindow.h">
      <Filter>Header Files</Filter>
    </QtMoc>
    <QtMoc Include="EditGroupWindow.h">
      <Filter>Header Files</Filter>
    </QtMoc>
    <QtMoc Include="RemoveGroupWindow.h">
      <Filter>Header Files</Filter>
    </QtMoc>
    <QtMoc Include="RemovePlaceWindow.h">
      <Filter>Header Files</Filter>
    </QtMoc>
    <QtMoc Include="RemoveTeacherWindow.h">
      <Filter>Header Files</Filter>
    </QtMoc>
  </ItemGroup>
  <ItemGroup>
    <QtRcc Include="ADE.qrc" />
  </ItemGroup>
  <ItemGroup>
    <Filter Include="Header Files">
      <UniqueIdentifier>{93995380-89BD-4b04-88EB-625FBE52EBFB}</UniqueIdentifier>
      <Extensions>h;hh;hpp;hxx;hm;inl;inc;xsd</Extensions>
      <ParseFiles>true</ParseFiles>
    </Filter>
    <Filter Include="Source Files">
      <UniqueIdentifier>{4FC737F1-C7A5-4376-A066-2A32D752A2FF}</UniqueIdentifier>
      <Extensions>cpp;c;cc;cxx;def;odl;idl;hpj;bat;asm;asmx</Extensions>
      <ParseFiles>true</ParseFiles>
    </Filter>
    <Filter Include="Form Files">
      <UniqueIdentifier>{99349809-55BA-4b9d-BF79-8FDBB0286EB3}</UniqueIdentifier>
      <Extensions>ui</Extensions>
      <ParseFiles>true</ParseFiles>
    </Filter>
  </ItemGroup>
  <ItemGroup>
    <None Include="cpp.hint" />
    <None Include="ClassDiagram.cd" />
    <None Include="ClassDiagram1.cd" />
  </ItemGroup>
</Project>